{
	"name": "HSBackendLearning",
	"version": "0.0.1",
	"lockfileVersion": 1,
	"requires": true,
	"dependencies": {
		"JSONStream": {
			"version": "1.0.7",
			"resolved": "https://registry.npmjs.org/JSONStream/-/JSONStream-1.0.7.tgz",
			"integrity": "sha1-cAyORxH+8c5CH2UL6tVSNbsh194=",
			"requires": {
				"jsonparse": "1.3.1",
				"through": "2.3.8"
			}
		},
		"ajv": {
			"version": "https://registry.npmjs.org/ajv/-/ajv-4.11.8.tgz",
			"integrity": "sha1-gv+wKynmYq5TvcIK8VlHcGc5xTY=",
			"requires": {
				"co": "https://registry.npmjs.org/co/-/co-4.6.0.tgz",
				"json-stable-stringify": "https://registry.npmjs.org/json-stable-stringify/-/json-stable-stringify-1.0.1.tgz"
			}
		},
		"asn1": {
			"version": "https://registry.npmjs.org/asn1/-/asn1-0.2.3.tgz",
			"integrity": "sha1-2sh4dxPJlmhJ/IGAd36+nB3fO4Y="
		},
		"assert-plus": {
			"version": "https://registry.npmjs.org/assert-plus/-/assert-plus-0.2.0.tgz",
			"integrity": "sha1-104bh+ev/A24qttwIfP+SBAasjQ="
		},
		"async": {
			"version": "2.5.0",
			"resolved": "https://registry.npmjs.org/async/-/async-2.5.0.tgz",
			"integrity": "sha512-e+lJAJeNWuPCNyxZKOBdaJGyLGHugXVQtrAwtuAe2vhxTYxFTKE73p8JuTmdH0qdQZtDvI4dhJwjZc5zsfIsYw==",
			"requires": {
				"lodash": "4.17.4"
			}
		},
		"asynckit": {
			"version": "https://registry.npmjs.org/asynckit/-/asynckit-0.4.0.tgz",
			"integrity": "sha1-x57Zf380y48robyXkLzDZkdLS3k="
		},
		"aws-sign2": {
			"version": "https://registry.npmjs.org/aws-sign2/-/aws-sign2-0.6.0.tgz",
			"integrity": "sha1-FDQt0428yU0OW4fXY81jYSwOeU8="
		},
		"aws4": {
			"version": "https://registry.npmjs.org/aws4/-/aws4-1.6.0.tgz",
			"integrity": "sha1-g+9cqGCysy5KDe7e6MdxudtXRx4="
		},
		"balanced-match": {
			"version": "1.0.0",
			"resolved": "https://registry.npmjs.org/balanced-match/-/balanced-match-1.0.0.tgz",
			"integrity": "sha1-ibTRmasr7kneFk6gK4nORi1xt2c="
		},
		"bcrypt-pbkdf": {
			"version": "https://registry.npmjs.org/bcrypt-pbkdf/-/bcrypt-pbkdf-1.0.1.tgz",
			"integrity": "sha1-Y7xdy2EzG5K8Bf1SiVPDNGKgb40=",
			"optional": true,
			"requires": {
				"tweetnacl": "https://registry.npmjs.org/tweetnacl/-/tweetnacl-0.14.5.tgz"
			}
		},
		"bignumber.js": {
			"version": "1.1.1",
			"resolved": "https://registry.npmjs.org/bignumber.js/-/bignumber.js-1.1.1.tgz",
			"integrity": "sha1-GkFdmsAUwTJWrx/u2dGj5XF6jPc="
		},
		"bluebird": {
			"version": "3.5.0",
			"resolved": "https://registry.npmjs.org/bluebird/-/bluebird-3.5.0.tgz",
			"integrity": "sha1-eRQg1/VR7qKJdFOop3ZT+WYG1nw="
		},
		"body-parser": {
			"version": "1.17.2",
			"resolved": "https://registry.npmjs.org/body-parser/-/body-parser-1.17.2.tgz",
			"integrity": "sha1-+IkqvI+eYn1Crtr7yma/WrmRBO4=",
			"requires": {
				"bytes": "2.4.0",
				"content-type": "https://registry.npmjs.org/content-type/-/content-type-1.0.2.tgz",
				"debug": "2.6.7",
				"depd": "https://registry.npmjs.org/depd/-/depd-1.1.0.tgz",
				"http-errors": "1.6.2",
				"iconv-lite": "0.4.15",
				"on-finished": "https://registry.npmjs.org/on-finished/-/on-finished-2.3.0.tgz",
				"qs": "6.4.0",
				"raw-body": "2.2.0",
				"type-is": "1.6.15"
			},
			"dependencies": {
				"debug": {
					"version": "2.6.7",
					"resolved": "https://registry.npmjs.org/debug/-/debug-2.6.7.tgz",
					"integrity": "sha1-krrR9tBbu2u6Isyoi80OyJTChh4=",
					"requires": {
						"ms": "2.0.0"
					}
				},
				"http-errors": {
					"version": "1.6.2",
					"resolved": "https://registry.npmjs.org/http-errors/-/http-errors-1.6.2.tgz",
					"integrity": "sha1-CgAsyFcHGSp+eUbO7cERVfYOxzY=",
					"requires": {
						"depd": "1.1.1",
						"inherits": "2.0.3",
						"setprototypeof": "1.0.3",
						"statuses": "1.3.1"
					},
					"dependencies": {
						"depd": {
							"version": "1.1.1",
							"resolved": "https://registry.npmjs.org/depd/-/depd-1.1.1.tgz",
							"integrity": "sha1-V4O04cRZ8G+lyif5kfPQbnoxA1k="
						}
					}
				},
				"inherits": {
					"version": "2.0.3",
					"resolved": "https://registry.npmjs.org/inherits/-/inherits-2.0.3.tgz",
					"integrity": "sha1-Yzwsg+PaQqUC9SRmAiSA9CCCYd4="
				},
				"mime-db": {
					"version": "1.29.0",
					"resolved": "https://registry.npmjs.org/mime-db/-/mime-db-1.29.0.tgz",
					"integrity": "sha1-SNJtI1WJZRcErFkWygYAGRQmaHg="
				},
				"mime-types": {
					"version": "2.1.16",
					"resolved": "https://registry.npmjs.org/mime-types/-/mime-types-2.1.16.tgz",
					"integrity": "sha1-K4WKUuXs1RbbiXrCvodIeDBpjiM=",
					"requires": {
						"mime-db": "1.29.0"
					}
				},
				"ms": {
					"version": "2.0.0",
					"resolved": "https://registry.npmjs.org/ms/-/ms-2.0.0.tgz",
					"integrity": "sha1-VgiurfwAvmwpAd9fmGF4jeDVl8g="
				},
				"qs": {
					"version": "6.4.0",
					"resolved": "https://registry.npmjs.org/qs/-/qs-6.4.0.tgz",
					"integrity": "sha1-E+JtKK1rD/qpExLNO/cI7TUecjM="
				},
				"statuses": {
					"version": "1.3.1",
					"resolved": "https://registry.npmjs.org/statuses/-/statuses-1.3.1.tgz",
					"integrity": "sha1-+vUbnrdKrvOzrPStX2Gr8ky3uT4="
				},
				"type-is": {
					"version": "1.6.15",
					"resolved": "https://registry.npmjs.org/type-is/-/type-is-1.6.15.tgz",
					"integrity": "sha1-yrEPtJCeRByChC6v4a1kbIGARBA=",
					"requires": {
						"media-typer": "https://registry.npmjs.org/media-typer/-/media-typer-0.3.0.tgz",
						"mime-types": "2.1.16"
					}
				}
			}
		},
		"boom": {
			"version": "https://registry.npmjs.org/boom/-/boom-2.10.1.tgz",
			"integrity": "sha1-OciRjO/1eZ+D+UkqhI9iWt0Mdm8=",
			"requires": {
				"hoek": "https://registry.npmjs.org/hoek/-/hoek-2.16.3.tgz"
			}
		},
		"brace-expansion": {
			"version": "1.1.8",
			"resolved": "https://registry.npmjs.org/brace-expansion/-/brace-expansion-1.1.8.tgz",
			"integrity": "sha1-wHshHHyVLsH479Uad+8NHTmQopI=",
			"requires": {
				"balanced-match": "1.0.0",
				"concat-map": "0.0.1"
			}
		},
		"buffer-from": {
			"version": "0.1.1",
			"resolved": "https://registry.npmjs.org/buffer-from/-/buffer-from-0.1.1.tgz",
			"integrity": "sha1-V7GLHaChnsBvM4N6UnWiQjUb114=",
			"requires": {
				"is-array-buffer-x": "1.3.0"
			}
		},
		"bytes": {
			"version": "2.4.0",
			"resolved": "https://registry.npmjs.org/bytes/-/bytes-2.4.0.tgz",
			"integrity": "sha1-fZcZb51br39pNeJZhVSe3SpsIzk="
		},
		"caseless": {
			"version": "https://registry.npmjs.org/caseless/-/caseless-0.12.0.tgz",
			"integrity": "sha1-G2gcIf+EAzyCZUMJBolCDRhxUdw="
		},
		"cfenv": {
			"version": "1.0.4",
			"resolved": "https://registry.npmjs.org/cfenv/-/cfenv-1.0.4.tgz",
			"integrity": "sha1-uXoe694lXs7YNnoPSvvC+FQ44LQ=",
			"requires": {
				"js-yaml": "3.7.0",
				"ports": "1.1.0",
				"underscore": "1.8.3"
			},
			"dependencies": {
				"argparse": {
					"version": "1.0.9",
					"resolved": "https://registry.npmjs.org/argparse/-/argparse-1.0.9.tgz",
					"integrity": "sha1-c9g7wmP4bpf4zE9rrhsOkKfSLIY=",
					"requires": {
						"sprintf-js": "1.0.3"
					}
				},
				"esprima": {
					"version": "2.7.3",
					"resolved": "https://registry.npmjs.org/esprima/-/esprima-2.7.3.tgz",
					"integrity": "sha1-luO3DVd59q1JzQMmc9HDEnZ7pYE="
				},
				"js-yaml": {
					"version": "3.7.0",
					"resolved": "https://registry.npmjs.org/js-yaml/-/js-yaml-3.7.0.tgz",
					"integrity": "sha1-XJZ93YN6m/3KXy3oQlOr6KHAO4A=",
					"requires": {
						"argparse": "1.0.9",
						"esprima": "2.7.3"
					}
				},
				"ports": {
					"version": "1.1.0",
					"resolved": "https://registry.npmjs.org/ports/-/ports-1.1.0.tgz",
					"integrity": "sha1-twGqKF6V2ujJbNonUhdySh9/bGA="
				},
				"sprintf-js": {
					"version": "1.0.3",
					"resolved": "https://registry.npmjs.org/sprintf-js/-/sprintf-js-1.0.3.tgz",
					"integrity": "sha1-BOaSb2YolTVPPdAVIDYzuFcpfiw="
				},
				"underscore": {
					"version": "1.8.3",
					"resolved": "https://registry.npmjs.org/underscore/-/underscore-1.8.3.tgz",
					"integrity": "sha1-Tz+1OxBuYJf8+ctBCfKl6b36UCI="
				}
			}
		},
		"co": {
			"version": "https://registry.npmjs.org/co/-/co-4.6.0.tgz",
			"integrity": "sha1-bqa989hTrlTMuOR7+gvz+QMfsYQ="
		},
		"combined-stream": {
			"version": "https://registry.npmjs.org/combined-stream/-/combined-stream-1.0.5.tgz",
			"integrity": "sha1-k4NwpXtKUd6ix3wV1cX9+JUWQAk=",
			"requires": {
				"delayed-stream": "https://registry.npmjs.org/delayed-stream/-/delayed-stream-1.0.0.tgz"
			}
		},
		"concat-map": {
			"version": "0.0.1",
			"resolved": "https://registry.npmjs.org/concat-map/-/concat-map-0.0.1.tgz",
			"integrity": "sha1-2Klr13/Wjfd5OnMDajug1UBdR3s="
		},
		"content-type": {
			"version": "https://registry.npmjs.org/content-type/-/content-type-1.0.2.tgz",
			"integrity": "sha1-t9ETrueo3Se9IRM8TcJSnfFyHu0="
		},
		"cors": {
			"version": "2.8.4",
			"resolved": "https://registry.npmjs.org/cors/-/cors-2.8.4.tgz",
			"integrity": "sha1-K9OB8usgECAQXNUOpZ2mMJBpRoY=",
			"requires": {
				"object-assign": "4.1.1",
				"vary": "https://registry.npmjs.org/vary/-/vary-1.0.1.tgz"
			}
		},
		"cryptiles": {
			"version": "https://registry.npmjs.org/cryptiles/-/cryptiles-2.0.5.tgz",
			"integrity": "sha1-O9/s3GCBR8HGcgL6KR59ylnqo7g=",
			"requires": {
				"boom": "https://registry.npmjs.org/boom/-/boom-2.10.1.tgz"
			}
		},
		"csv-stringify": {
			"version": "1.0.4",
			"resolved": "https://registry.npmjs.org/csv-stringify/-/csv-stringify-1.0.4.tgz",
			"integrity": "sha1-vBi6ua1M7zGV/SV5gLWLR5xC0+U=",
			"requires": {
				"lodash.get": "4.4.2"
			}
		},
		"dashdash": {
			"version": "https://registry.npmjs.org/dashdash/-/dashdash-1.14.1.tgz",
			"integrity": "sha1-hTz6D3y+L+1d4gMmuN1YEDX24vA=",
			"requires": {
				"assert-plus": "https://registry.npmjs.org/assert-plus/-/assert-plus-1.0.0.tgz"
			},
			"dependencies": {
				"assert-plus": {
					"version": "https://registry.npmjs.org/assert-plus/-/assert-plus-1.0.0.tgz",
					"integrity": "sha1-8S4PPF13sLHN2RRpQuTpbB5N1SU="
				}
			}
		},
		"debug": {
			"version": "https://registry.npmjs.org/debug/-/debug-2.2.0.tgz",
			"integrity": "sha1-+HBX6ZWxofauaklgZkE3vFbwOdo=",
			"requires": {
				"ms": "https://registry.npmjs.org/ms/-/ms-0.7.1.tgz"
			}
		},
		"delayed-stream": {
			"version": "https://registry.npmjs.org/delayed-stream/-/delayed-stream-1.0.0.tgz",
			"integrity": "sha1-3zrhmayt+31ECqrgsp4icrJOxhk="
		},
		"depd": {
			"version": "https://registry.npmjs.org/depd/-/depd-1.1.0.tgz",
			"integrity": "sha1-4b2Cxqq2ztlluXuIsX7T5SjKGMM="
		},
		"dotenv": {
			"version": "4.0.0",
			"resolved": "https://registry.npmjs.org/dotenv/-/dotenv-4.0.0.tgz",
			"integrity": "sha1-hk7xN5rO1Vzm+V3r7NzhefegzR0="
		},
		"duplexer": {
			"version": "0.1.1",
			"resolved": "https://registry.npmjs.org/duplexer/-/duplexer-0.1.1.tgz",
			"integrity": "sha1-rOb/gIwc5mtX0ev5eXessCM0z8E="
		},
		"ecc-jsbn": {
			"version": "https://registry.npmjs.org/ecc-jsbn/-/ecc-jsbn-0.1.1.tgz",
			"integrity": "sha1-D8c6ntXw1Tw4GTOYUj735UN3dQU=",
			"optional": true,
			"requires": {
				"jsbn": "https://registry.npmjs.org/jsbn/-/jsbn-0.1.1.tgz"
			}
		},
		"ee-first": {
			"version": "https://registry.npmjs.org/ee-first/-/ee-first-1.1.1.tgz",
			"integrity": "sha1-WQxhFWsK4vTwJVcyoViyZrxWsh0="
		},
		"express": {
			"version": "4.13.4",
			"resolved": "https://registry.npmjs.org/express/-/express-4.13.4.tgz",
			"integrity": "sha1-PAt288d1kMg0VzkGHsC9O6Bn7CQ=",
			"requires": {
				"accepts": "1.2.13",
				"array-flatten": "1.1.1",
				"content-disposition": "0.5.1",
				"content-type": "1.0.4",
				"cookie": "0.1.5",
				"cookie-signature": "1.0.6",
				"debug": "2.2.0",
				"depd": "1.1.1",
				"escape-html": "1.0.3",
				"etag": "1.7.0",
				"finalhandler": "0.4.1",
				"fresh": "0.3.0",
				"merge-descriptors": "1.0.1",
				"methods": "1.1.2",
				"on-finished": "2.3.0",
				"parseurl": "1.3.2",
				"path-to-regexp": "0.1.7",
				"proxy-addr": "1.0.10",
				"qs": "4.0.0",
				"range-parser": "1.0.3",
				"send": "0.13.1",
				"serve-static": "1.10.3",
				"type-is": "1.6.15",
				"utils-merge": "1.0.0",
				"vary": "1.0.1"
			},
			"dependencies": {
				"accepts": {
					"version": "1.2.13",
					"resolved": "https://registry.npmjs.org/accepts/-/accepts-1.2.13.tgz",
					"integrity": "sha1-5fHzkoxtlf2WVYw27D2dDeSm7Oo=",
					"requires": {
						"mime-types": "2.1.17",
						"negotiator": "0.5.3"
					}
				},
				"array-flatten": {
					"version": "1.1.1",
					"resolved": "https://registry.npmjs.org/array-flatten/-/array-flatten-1.1.1.tgz",
					"integrity": "sha1-ml9pkFGx5wczKPKgCJaLZOopVdI="
				},
				"content-disposition": {
					"version": "0.5.1",
					"resolved": "https://registry.npmjs.org/content-disposition/-/content-disposition-0.5.1.tgz",
					"integrity": "sha1-h0dsamfI2qh+Muh2Ft+IO6f7Bxs="
				},
				"content-type": {
					"version": "1.0.4",
					"resolved": "https://registry.npmjs.org/content-type/-/content-type-1.0.4.tgz",
					"integrity": "sha512-hIP3EEPs8tB9AT1L+NUqtwOAps4mk2Zob89MWXMHjHWg9milF/j4osnnQLXBCBFBk/tvIG/tUc9mOUJiPBhPXA=="
				},
				"cookie": {
					"version": "0.1.5",
					"resolved": "https://registry.npmjs.org/cookie/-/cookie-0.1.5.tgz",
					"integrity": "sha1-armUiksa4hlSzSWIUwpHItQETXw="
				},
				"cookie-signature": {
					"version": "1.0.6",
					"resolved": "https://registry.npmjs.org/cookie-signature/-/cookie-signature-1.0.6.tgz",
					"integrity": "sha1-4wOogrNCzD7oylE6eZmXNNqzriw="
				},
				"debug": {
					"version": "2.2.0",
					"resolved": "https://registry.npmjs.org/debug/-/debug-2.2.0.tgz",
					"integrity": "sha1-+HBX6ZWxofauaklgZkE3vFbwOdo=",
					"requires": {
						"ms": "0.7.1"
					}
				},
				"depd": {
					"version": "1.1.1",
					"resolved": "https://registry.npmjs.org/depd/-/depd-1.1.1.tgz",
					"integrity": "sha1-V4O04cRZ8G+lyif5kfPQbnoxA1k="
				},
				"destroy": {
					"version": "1.0.4",
					"resolved": "https://registry.npmjs.org/destroy/-/destroy-1.0.4.tgz",
					"integrity": "sha1-l4hXRCxEdJ5CBmE+N5RiBYJqvYA="
				},
				"ee-first": {
					"version": "1.1.1",
					"resolved": "https://registry.npmjs.org/ee-first/-/ee-first-1.1.1.tgz",
					"integrity": "sha1-WQxhFWsK4vTwJVcyoViyZrxWsh0="
				},
				"escape-html": {
					"version": "1.0.3",
					"resolved": "https://registry.npmjs.org/escape-html/-/escape-html-1.0.3.tgz",
					"integrity": "sha1-Aljq5NPQwJdN4cFpGI7wBR0dGYg="
				},
				"etag": {
					"version": "1.7.0",
					"resolved": "https://registry.npmjs.org/etag/-/etag-1.7.0.tgz",
					"integrity": "sha1-A9MLX2fdbmMtKUXTDWZScxo01dg="
				},
				"finalhandler": {
					"version": "0.4.1",
					"resolved": "https://registry.npmjs.org/finalhandler/-/finalhandler-0.4.1.tgz",
					"integrity": "sha1-haF8bFmpRxfSYtYSMNSw6+PUoU0=",
					"requires": {
						"debug": "2.2.0",
						"escape-html": "1.0.3",
						"on-finished": "2.3.0",
						"unpipe": "1.0.0"
					}
				},
				"forwarded": {
					"version": "0.1.2",
					"resolved": "https://registry.npmjs.org/forwarded/-/forwarded-0.1.2.tgz",
					"integrity": "sha1-mMI9qxF1ZXuMBXPozszZGw/xjIQ="
				},
				"fresh": {
					"version": "0.3.0",
					"resolved": "https://registry.npmjs.org/fresh/-/fresh-0.3.0.tgz",
					"integrity": "sha1-ZR+DjiJCTnVm3hYdg1jKoZn4PU8="
				},
				"http-errors": {
					"version": "1.3.1",
					"resolved": "https://registry.npmjs.org/http-errors/-/http-errors-1.3.1.tgz",
					"integrity": "sha1-GX4izevUGYWF6GlO9nhhl7ke2UI=",
					"requires": {
						"inherits": "2.0.3",
						"statuses": "1.2.1"
					}
				},
				"inherits": {
					"version": "2.0.3",
					"resolved": "https://registry.npmjs.org/inherits/-/inherits-2.0.3.tgz",
					"integrity": "sha1-Yzwsg+PaQqUC9SRmAiSA9CCCYd4="
				},
				"ipaddr.js": {
					"version": "1.0.5",
					"resolved": "https://registry.npmjs.org/ipaddr.js/-/ipaddr.js-1.0.5.tgz",
					"integrity": "sha1-X6eM8wG4JceKvDBC2BJyMEnqI8c="
				},
				"media-typer": {
					"version": "0.3.0",
					"resolved": "https://registry.npmjs.org/media-typer/-/media-typer-0.3.0.tgz",
					"integrity": "sha1-hxDXrwqmJvj/+hzgAWhUUmMlV0g="
				},
				"merge-descriptors": {
					"version": "1.0.1",
					"resolved": "https://registry.npmjs.org/merge-descriptors/-/merge-descriptors-1.0.1.tgz",
					"integrity": "sha1-sAqqVW3YtEVoFQ7J0blT8/kMu2E="
				},
				"methods": {
					"version": "1.1.2",
					"resolved": "https://registry.npmjs.org/methods/-/methods-1.1.2.tgz",
					"integrity": "sha1-VSmk1nZUE07cxSZmVoNbD4Ua/O4="
				},
				"mime": {
					"version": "1.3.4",
					"resolved": "https://registry.npmjs.org/mime/-/mime-1.3.4.tgz",
					"integrity": "sha1-EV+eO2s9rylZmDyzjxSaLUDrXVM="
				},
				"mime-db": {
					"version": "1.30.0",
					"resolved": "https://registry.npmjs.org/mime-db/-/mime-db-1.30.0.tgz",
					"integrity": "sha1-dMZD2i3Z1qRTmZY0ZbJtXKfXHwE="
				},
				"mime-types": {
					"version": "2.1.17",
					"resolved": "https://registry.npmjs.org/mime-types/-/mime-types-2.1.17.tgz",
					"integrity": "sha1-Cdejk/A+mVp5+K+Fe3Cp4KsWVXo=",
					"requires": {
						"mime-db": "1.30.0"
					}
				},
				"ms": {
					"version": "0.7.1",
					"resolved": "https://registry.npmjs.org/ms/-/ms-0.7.1.tgz",
					"integrity": "sha1-nNE8A62/8ltl7/3nzoZO6VIBcJg="
				},
				"negotiator": {
					"version": "0.5.3",
					"resolved": "https://registry.npmjs.org/negotiator/-/negotiator-0.5.3.tgz",
					"integrity": "sha1-Jp1cR2gQ7JLtvntsLygxY4T5p+g="
				},
				"on-finished": {
					"version": "2.3.0",
					"resolved": "https://registry.npmjs.org/on-finished/-/on-finished-2.3.0.tgz",
					"integrity": "sha1-IPEzZIGwg811M3mSoWlxqi2QaUc=",
					"requires": {
						"ee-first": "1.1.1"
					}
				},
				"parseurl": {
					"version": "1.3.2",
					"resolved": "https://registry.npmjs.org/parseurl/-/parseurl-1.3.2.tgz",
					"integrity": "sha1-/CidTtiZMRlGDBViUyYs3I3mW/M="
				},
				"path-to-regexp": {
					"version": "0.1.7",
					"resolved": "https://registry.npmjs.org/path-to-regexp/-/path-to-regexp-0.1.7.tgz",
					"integrity": "sha1-32BBeABfUi8V60SQ5yR6G/qmf4w="
				},
				"proxy-addr": {
					"version": "1.0.10",
					"resolved": "https://registry.npmjs.org/proxy-addr/-/proxy-addr-1.0.10.tgz",
					"integrity": "sha1-DUCoL4Afw1VWfS7LZe/j8HfxIcU=",
					"requires": {
						"forwarded": "0.1.2",
						"ipaddr.js": "1.0.5"
					}
				},
				"qs": {
					"version": "4.0.0",
					"resolved": "https://registry.npmjs.org/qs/-/qs-4.0.0.tgz",
					"integrity": "sha1-wx2bdOwn33XlQ6hseHKO2NRiNgc="
				},
				"range-parser": {
					"version": "1.0.3",
					"resolved": "https://registry.npmjs.org/range-parser/-/range-parser-1.0.3.tgz",
					"integrity": "sha1-aHKCNTXGkuLCoBA4Jq/YLC4P8XU="
				},
				"send": {
					"version": "0.13.1",
					"resolved": "https://registry.npmjs.org/send/-/send-0.13.1.tgz",
					"integrity": "sha1-ow1fTILIqbrprQCh2bG9vm8Zntc=",
					"requires": {
						"debug": "2.2.0",
						"depd": "1.1.1",
						"destroy": "1.0.4",
						"escape-html": "1.0.3",
						"etag": "1.7.0",
						"fresh": "0.3.0",
						"http-errors": "1.3.1",
						"mime": "1.3.4",
						"ms": "0.7.1",
						"on-finished": "2.3.0",
						"range-parser": "1.0.3",
						"statuses": "1.2.1"
					}
				},
				"serve-static": {
					"version": "1.10.3",
					"resolved": "https://registry.npmjs.org/serve-static/-/serve-static-1.10.3.tgz",
					"integrity": "sha1-zlpuzTEB/tXsCYJ9rCKpwpv7BTU=",
					"requires": {
						"escape-html": "1.0.3",
						"parseurl": "1.3.2",
						"send": "0.13.2"
					},
					"dependencies": {
						"send": {
							"version": "0.13.2",
							"resolved": "https://registry.npmjs.org/send/-/send-0.13.2.tgz",
							"integrity": "sha1-dl52B8gFVFK7pvCwUllTUJhgNt4=",
							"requires": {
								"debug": "2.2.0",
								"depd": "1.1.1",
								"destroy": "1.0.4",
								"escape-html": "1.0.3",
								"etag": "1.7.0",
								"fresh": "0.3.0",
								"http-errors": "1.3.1",
								"mime": "1.3.4",
								"ms": "0.7.1",
								"on-finished": "2.3.0",
								"range-parser": "1.0.3",
								"statuses": "1.2.1"
							}
						}
					}
				},
				"statuses": {
					"version": "1.2.1",
					"resolved": "https://registry.npmjs.org/statuses/-/statuses-1.2.1.tgz",
					"integrity": "sha1-3e1FzBglbVHtQK7BQkidXGECbSg="
				},
				"type-is": {
					"version": "1.6.15",
					"resolved": "https://registry.npmjs.org/type-is/-/type-is-1.6.15.tgz",
					"integrity": "sha1-yrEPtJCeRByChC6v4a1kbIGARBA=",
					"requires": {
						"media-typer": "0.3.0",
						"mime-types": "2.1.17"
					}
				},
				"unpipe": {
					"version": "1.0.0",
					"resolved": "https://registry.npmjs.org/unpipe/-/unpipe-1.0.0.tgz",
					"integrity": "sha1-sr9O6FFKrmFltIF4KdIbLvSZBOw="
				},
				"utils-merge": {
					"version": "1.0.0",
					"resolved": "https://registry.npmjs.org/utils-merge/-/utils-merge-1.0.0.tgz",
					"integrity": "sha1-ApT7kiu5N1FTVBxPcJYjHyh8ivg="
				},
				"vary": {
					"version": "1.0.1",
					"resolved": "https://registry.npmjs.org/vary/-/vary-1.0.1.tgz",
					"integrity": "sha1-meSYFWaihhGN+yuBc1ffeZM3bRA="
				}
			}
		},
		"extend": {
			"version": "https://registry.npmjs.org/extend/-/extend-3.0.1.tgz",
			"integrity": "sha1-p1Xqe8Gt/MWjHOfnYtuq3F5jZEQ="
		},
		"extsprintf": {
			"version": "https://registry.npmjs.org/extsprintf/-/extsprintf-1.0.2.tgz",
			"integrity": "sha1-4QgOBljjALBilJkMxw4VAiNf1VA="
		},
		"for-in": {
			"version": "1.0.2",
			"resolved": "https://registry.npmjs.org/for-in/-/for-in-1.0.2.tgz",
			"integrity": "sha1-gQaNKVqBQuwKxybG4iAMMPttXoA="
		},
		"for-own": {
			"version": "0.1.5",
			"resolved": "https://registry.npmjs.org/for-own/-/for-own-0.1.5.tgz",
			"integrity": "sha1-UmXGgaTylNq78XyVCbZ2OqhFEM4=",
			"requires": {
				"for-in": "1.0.2"
			}
		},
		"forever-agent": {
			"version": "https://registry.npmjs.org/forever-agent/-/forever-agent-0.6.1.tgz",
			"integrity": "sha1-+8cfDEGt6zf5bFd60e1C2P2sypE="
		},
		"form-data": {
			"version": "https://registry.npmjs.org/form-data/-/form-data-2.1.4.tgz",
			"integrity": "sha1-M8GDrPGTJ27KqYFDpp6Uv+4XUNE=",
			"requires": {
				"asynckit": "https://registry.npmjs.org/asynckit/-/asynckit-0.4.0.tgz",
				"combined-stream": "https://registry.npmjs.org/combined-stream/-/combined-stream-1.0.5.tgz",
				"mime-types": "https://registry.npmjs.org/mime-types/-/mime-types-2.1.15.tgz"
			},
			"dependencies": {
				"mime-db": {
					"version": "https://registry.npmjs.org/mime-db/-/mime-db-1.27.0.tgz",
					"integrity": "sha1-gg9XIpa70g7CXtVeW13oaeVDbrE="
				},
				"mime-types": {
					"version": "https://registry.npmjs.org/mime-types/-/mime-types-2.1.15.tgz",
					"integrity": "sha1-pOv1BkCUVpI3uM9wBGd20J/JKu0=",
					"requires": {
						"mime-db": "https://registry.npmjs.org/mime-db/-/mime-db-1.27.0.tgz"
					}
				}
			}
		},
		"fs.realpath": {
			"version": "1.0.0",
			"resolved": "https://registry.npmjs.org/fs.realpath/-/fs.realpath-1.0.0.tgz",
			"integrity": "sha1-FQStJSMVjKpA20onh8sBQRmU6k8="
		},
		"getpass": {
			"version": "https://registry.npmjs.org/getpass/-/getpass-0.1.7.tgz",
			"integrity": "sha1-Xv+OPmhNVprkyysSgmBOi6YhSfo=",
			"requires": {
				"assert-plus": "https://registry.npmjs.org/assert-plus/-/assert-plus-1.0.0.tgz"
			},
			"dependencies": {
				"assert-plus": {
					"version": "https://registry.npmjs.org/assert-plus/-/assert-plus-1.0.0.tgz",
					"integrity": "sha1-8S4PPF13sLHN2RRpQuTpbB5N1SU="
				}
			}
		},
		"glob": {
			"version": "7.1.2",
			"resolved": "https://registry.npmjs.org/glob/-/glob-7.1.2.tgz",
			"integrity": "sha512-MJTUg1kjuLeQCJ+ccE4Vpa6kKVXkPYJ2mOCQyUuKLcLQsdrMCpBPUi8qVE6+YuaJkozeA9NusTAw3hLr8Xe5EQ==",
			"requires": {
				"fs.realpath": "1.0.0",
				"inflight": "1.0.6",
				"inherits": "https://registry.npmjs.org/inherits/-/inherits-2.0.1.tgz",
				"minimatch": "3.0.4",
				"once": "1.4.0",
				"path-is-absolute": "1.0.1"
			}
		},
		"har-schema": {
			"version": "https://registry.npmjs.org/har-schema/-/har-schema-1.0.5.tgz",
			"integrity": "sha1-0mMTX0MwfALGAq/I/pWXDAFRNp4="
		},
		"har-validator": {
			"version": "https://registry.npmjs.org/har-validator/-/har-validator-4.2.1.tgz",
			"integrity": "sha1-M0gdDxu/9gDdID11gSpqX7oALio=",
			"requires": {
				"ajv": "https://registry.npmjs.org/ajv/-/ajv-4.11.8.tgz",
				"har-schema": "https://registry.npmjs.org/har-schema/-/har-schema-1.0.5.tgz"
			}
		},
		"has-symbol-support-x": {
			"version": "1.4.0",
			"resolved": "https://registry.npmjs.org/has-symbol-support-x/-/has-symbol-support-x-1.4.0.tgz",
			"integrity": "sha512-F1NtLDtW9NyUrS3faUcI1yVFHCTXyzPb1jfrZBQi5NHxFPlXxZnFLFGzfA2DsdmgCxv2MZ0+bfcgC4EZTmk4SQ=="
		},
		"has-to-string-tag-x": {
			"version": "1.4.0",
			"resolved": "https://registry.npmjs.org/has-to-string-tag-x/-/has-to-string-tag-x-1.4.0.tgz",
			"integrity": "sha512-R3OdOP9j6AH5hS1yXeu9wAS+iKSZQx/CC6aMdN6WiaqPlBoA2S+47MtoMsZgKr2m0eAJ+73WWGX0RaFFE5XWKA==",
			"requires": {
				"has-symbol-support-x": "1.4.0"
			}
		},
		"hawk": {
			"version": "https://registry.npmjs.org/hawk/-/hawk-3.1.3.tgz",
			"integrity": "sha1-B4REvXwWQLD+VA0sm3PVlnjo4cQ=",
			"requires": {
				"boom": "https://registry.npmjs.org/boom/-/boom-2.10.1.tgz",
				"cryptiles": "https://registry.npmjs.org/cryptiles/-/cryptiles-2.0.5.tgz",
				"hoek": "https://registry.npmjs.org/hoek/-/hoek-2.16.3.tgz",
				"sntp": "https://registry.npmjs.org/sntp/-/sntp-1.0.9.tgz"
			}
		},
		"hnp": {
			"version": "0.0.1",
			"resolved": "https://registry.npmjs.org/hnp/-/hnp-0.0.1.tgz",
			"integrity": "sha1-2RSJpd/N9BznQVhCmKcwZldqkoY="
		},
		"hoek": {
			"version": "https://registry.npmjs.org/hoek/-/hoek-2.16.3.tgz",
			"integrity": "sha1-ILt0A9POo5jpHcRxCo/xuCdKJe0="
		},
		"http-signature": {
			"version": "https://registry.npmjs.org/http-signature/-/http-signature-1.1.1.tgz",
			"integrity": "sha1-33LiZwZs0Kxn+3at+OE0qPvPkb8=",
			"requires": {
				"assert-plus": "https://registry.npmjs.org/assert-plus/-/assert-plus-0.2.0.tgz",
				"jsprim": "https://registry.npmjs.org/jsprim/-/jsprim-1.4.0.tgz",
				"sshpk": "https://registry.npmjs.org/sshpk/-/sshpk-1.13.1.tgz"
			}
		},
		"httperror": {
			"version": "0.2.3",
			"resolved": "https://registry.npmjs.org/httperror/-/httperror-0.2.3.tgz",
			"integrity": "sha1-yW4NZsvPbg4Z2A5HJ6laCddf4Lg=",
			"requires": {
				"hnp": "0.0.1"
			}
		},
		"iconv-lite": {
			"version": "0.4.15",
			"resolved": "https://registry.npmjs.org/iconv-lite/-/iconv-lite-0.4.15.tgz",
			"integrity": "sha1-/iZaIYrGpXz+hUkn6dBMGYJe3es="
		},
		"inflight": {
			"version": "1.0.6",
			"resolved": "https://registry.npmjs.org/inflight/-/inflight-1.0.6.tgz",
			"integrity": "sha1-Sb1jMdfQLQwJvJEKEHW6gWW1bfk=",
			"requires": {
				"once": "1.4.0",
				"wrappy": "1.0.2"
			}
		},
		"inherits": {
			"version": "https://registry.npmjs.org/inherits/-/inherits-2.0.1.tgz",
			"integrity": "sha1-sX0I0ya0Qj5Wjv9xn5GwscvfafE="
		},
		"is-array-buffer-x": {
			"version": "1.3.0",
			"resolved": "https://registry.npmjs.org/is-array-buffer-x/-/is-array-buffer-x-1.3.0.tgz",
			"integrity": "sha512-whzwpofpDnd+7xMeELyPoBzqYqLtP1mnx66y/3PtsJJ5OzC+z79zr+9ItoEH+BJWm4SaXNR0CIdiUGIMUqXpvw==",
			"requires": {
				"has-to-string-tag-x": "1.4.0",
				"is-object-like-x": "1.3.0",
				"to-string-tag-x": "1.4.0"
			}
		},
		"is-extendable": {
			"version": "0.1.1",
			"resolved": "https://registry.npmjs.org/is-extendable/-/is-extendable-0.1.1.tgz",
			"integrity": "sha1-YrEQ4omkcUGOPsNqYX1HLjAd/Ik="
		},
		"is-function-x": {
			"version": "1.4.0",
			"resolved": "https://registry.npmjs.org/is-function-x/-/is-function-x-1.4.0.tgz",
			"integrity": "sha512-NZ5WZZbBYpidb99dQ7SC1b7Y98tmqbWQLrgV1StbR6S6/bbHJOMTX7EnN9zcQLP1KVWEZeIASinXULO3TZUXPQ==",
			"requires": {
				"has-to-string-tag-x": "1.4.0",
				"is-primitive": "2.0.0",
				"to-string-tag-x": "1.4.0"
			}
		},
		"is-object-like-x": {
			"version": "1.3.0",
			"resolved": "https://registry.npmjs.org/is-object-like-x/-/is-object-like-x-1.3.0.tgz",
			"integrity": "sha512-1p0UURp0IoldZW+56mfW7uuVF+QpesAmoDBYjY+n73WGTUP2ohzqlSGX8cQo7S0dMiU8ZhFh8SnnOEwtF487qQ==",
			"requires": {
				"is-function-x": "1.4.0",
				"is-primitive": "2.0.0"
			}
		},
		"is-primitive": {
			"version": "2.0.0",
			"resolved": "https://registry.npmjs.org/is-primitive/-/is-primitive-2.0.0.tgz",
			"integrity": "sha1-IHurkWOEmcB7Kt8kCkGochADRXU="
		},
		"is-typedarray": {
			"version": "https://registry.npmjs.org/is-typedarray/-/is-typedarray-1.0.0.tgz",
			"integrity": "sha1-5HnICFjfDBsR3dppQPlgEfzaSpo="
		},
		"isarray": {
			"version": "1.0.0",
			"resolved": "https://registry.npmjs.org/isarray/-/isarray-1.0.0.tgz",
			"integrity": "sha1-u5NdSFgsuhaMBoNJV6VKPgcSTxE="
		},
		"isobject": {
			"version": "2.1.0",
			"resolved": "https://registry.npmjs.org/isobject/-/isobject-2.1.0.tgz",
			"integrity": "sha1-8GVWEJaj8dou9GJy+BXIQNh+DIk=",
			"requires": {
				"isarray": "1.0.0"
			}
		},
		"isstream": {
			"version": "https://registry.npmjs.org/isstream/-/isstream-0.1.2.tgz",
			"integrity": "sha1-R+Y/evVa+m+S4VAOaQ64uFKcCZo="
		},
		"jsbn": {
			"version": "https://registry.npmjs.org/jsbn/-/jsbn-0.1.1.tgz",
			"integrity": "sha1-peZUwuWi3rXyAdls77yoDA7y9RM=",
			"optional": true
		},
		"json-bigint": {
			"version": "0.1.4",
			"resolved": "https://registry.npmjs.org/json-bigint/-/json-bigint-0.1.4.tgz",
			"integrity": "sha1-tdQLipAJ6S8Vf3wHnbCXABgw4B4=",
			"requires": {
				"bignumber.js": "1.1.1"
			}
		},
		"json-schema": {
			"version": "https://registry.npmjs.org/json-schema/-/json-schema-0.2.3.tgz",
			"integrity": "sha1-tIDIkuWaLwWVTOcnvT8qTogvnhM="
		},
		"json-stable-stringify": {
			"version": "https://registry.npmjs.org/json-stable-stringify/-/json-stable-stringify-1.0.1.tgz",
			"integrity": "sha1-mnWdOcXy/1A/1TAGRu1EX4jE+a8=",
			"requires": {
				"jsonify": "https://registry.npmjs.org/jsonify/-/jsonify-0.0.0.tgz"
			}
		},
		"json-stringify-safe": {
			"version": "https://registry.npmjs.org/json-stringify-safe/-/json-stringify-safe-5.0.1.tgz",
			"integrity": "sha1-Epai1Y/UXxmg9s4B1lcB4sc1tus="
		},
		"jsonify": {
			"version": "https://registry.npmjs.org/jsonify/-/jsonify-0.0.0.tgz",
			"integrity": "sha1-LHS27kHZPKUbe1qu6PUDYx0lKnM="
		},
		"jsonparse": {
			"version": "1.3.1",
			"resolved": "https://registry.npmjs.org/jsonparse/-/jsonparse-1.3.1.tgz",
			"integrity": "sha1-P02uSpH6wxX3EGL4UhzCOfE2YoA="
		},
		"jsprim": {
			"version": "https://registry.npmjs.org/jsprim/-/jsprim-1.4.0.tgz",
			"integrity": "sha1-o7h+QCmNjDgFUtjMdiigu5WiKRg=",
			"requires": {
				"assert-plus": "https://registry.npmjs.org/assert-plus/-/assert-plus-1.0.0.tgz",
				"extsprintf": "https://registry.npmjs.org/extsprintf/-/extsprintf-1.0.2.tgz",
				"json-schema": "https://registry.npmjs.org/json-schema/-/json-schema-0.2.3.tgz",
				"verror": "https://registry.npmjs.org/verror/-/verror-1.3.6.tgz"
			},
			"dependencies": {
				"assert-plus": {
					"version": "https://registry.npmjs.org/assert-plus/-/assert-plus-1.0.0.tgz",
					"integrity": "sha1-8S4PPF13sLHN2RRpQuTpbB5N1SU="
				}
			}
		},
		"lodash": {
			"version": "4.17.4",
			"resolved": "https://registry.npmjs.org/lodash/-/lodash-4.17.4.tgz",
			"integrity": "sha1-eCA6TRwyiuHYbcpkYONptX9AVa4="
		},
		"lodash.get": {
			"version": "4.4.2",
			"resolved": "https://registry.npmjs.org/lodash.get/-/lodash.get-4.4.2.tgz",
			"integrity": "sha1-LRd/ZS+jHpObRDjVNBSZ36OCXpk="
		},
		"lodash.isnull": {
			"version": "3.0.0",
			"resolved": "https://registry.npmjs.org/lodash.isnull/-/lodash.isnull-3.0.0.tgz",
			"integrity": "sha1-+vvlnqHcon7teGU0A53YTC4HxW4="
		},
		"media-typer": {
			"version": "https://registry.npmjs.org/media-typer/-/media-typer-0.3.0.tgz",
			"integrity": "sha1-hxDXrwqmJvj/+hzgAWhUUmMlV0g="
		},
		"mime-db": {
			"version": "https://registry.npmjs.org/mime-db/-/mime-db-1.23.0.tgz",
			"integrity": "sha1-oxtAcK2uon1zLqMzdApk0OyaZlk="
		},
		"mime-types": {
			"version": "https://registry.npmjs.org/mime-types/-/mime-types-2.1.11.tgz",
			"integrity": "sha1-wlnEcb2oCKhdbNGTtDCl+uRHOzw=",
			"requires": {
				"mime-db": "https://registry.npmjs.org/mime-db/-/mime-db-1.23.0.tgz"
			}
		},
		"minimatch": {
			"version": "3.0.4",
			"resolved": "https://registry.npmjs.org/minimatch/-/minimatch-3.0.4.tgz",
			"integrity": "sha512-yJHVQEhyqPLUTgt9B83PXu6W3rx4MvvHvSUvToogpwoGDOUQ+yDrR0HRot+yOCdCO7u4hX3pWft6kWBBcqh0UA==",
			"requires": {
				"brace-expansion": "1.1.8"
			}
		},
		"ms": {
			"version": "https://registry.npmjs.org/ms/-/ms-0.7.1.tgz",
			"integrity": "sha1-nNE8A62/8ltl7/3nzoZO6VIBcJg="
		},
		"oauth-sign": {
			"version": "https://registry.npmjs.org/oauth-sign/-/oauth-sign-0.8.2.tgz",
			"integrity": "sha1-Rqarfwrq2N6unsBWV4C31O/rnUM="
		},
		"object-assign": {
			"version": "4.1.1",
			"resolved": "https://registry.npmjs.org/object-assign/-/object-assign-4.1.1.tgz",
			"integrity": "sha1-IQmtx5ZYh8/AXLvUQsrIv7s2CGM="
		},
		"object.omit": {
			"version": "2.0.1",
			"resolved": "https://registry.npmjs.org/object.omit/-/object.omit-2.0.1.tgz",
			"integrity": "sha1-Gpx0SCnznbuFjHbKNXmuKlTr0fo=",
			"requires": {
				"for-own": "0.1.5",
				"is-extendable": "0.1.1"
			}
		},
		"object.pick": {
			"version": "1.2.0",
			"resolved": "https://registry.npmjs.org/object.pick/-/object.pick-1.2.0.tgz",
			"integrity": "sha1-tTkr7peC2m2ft9avr1OXefEjTCs=",
			"requires": {
				"isobject": "2.1.0"
			}
		},
		"on-finished": {
			"version": "https://registry.npmjs.org/on-finished/-/on-finished-2.3.0.tgz",
			"integrity": "sha1-IPEzZIGwg811M3mSoWlxqi2QaUc=",
			"requires": {
				"ee-first": "https://registry.npmjs.org/ee-first/-/ee-first-1.1.1.tgz"
			}
		},
		"once": {
			"version": "1.4.0",
			"resolved": "https://registry.npmjs.org/once/-/once-1.4.0.tgz",
			"integrity": "sha1-WDsap3WWHUsROsF9nFC6753Xa9E=",
			"requires": {
				"wrappy": "1.0.2"
			}
		},
		"path-is-absolute": {
			"version": "1.0.1",
			"resolved": "https://registry.npmjs.org/path-is-absolute/-/path-is-absolute-1.0.1.tgz",
			"integrity": "sha1-F0uSaHNVNP+8es5r9TpanhtcX18="
		},
		"performance-now": {
			"version": "https://registry.npmjs.org/performance-now/-/performance-now-0.2.0.tgz",
			"integrity": "sha1-M+8wxcd9TqIcWlOGnZG1bY8lVeU="
		},
		"punycode": {
			"version": "https://registry.npmjs.org/punycode/-/punycode-1.4.1.tgz",
			"integrity": "sha1-wNWmOycYgArY4esPpSachN1BhF4="
		},
		"raw-body": {
			"version": "2.2.0",
			"resolved": "https://registry.npmjs.org/raw-body/-/raw-body-2.2.0.tgz",
			"integrity": "sha1-mUl2z2pQlqQRYoQEkvC9xdbn+5Y=",
			"requires": {
				"bytes": "2.4.0",
				"iconv-lite": "0.4.15",
				"unpipe": "https://registry.npmjs.org/unpipe/-/unpipe-1.0.0.tgz"
			}
		},
		"request": {
			"version": "https://registry.npmjs.org/request/-/request-2.81.0.tgz",
			"integrity": "sha1-xpKJRqDgbF+Nb4qTM0af/aRimKA=",
			"requires": {
				"aws-sign2": "https://registry.npmjs.org/aws-sign2/-/aws-sign2-0.6.0.tgz",
				"aws4": "https://registry.npmjs.org/aws4/-/aws4-1.6.0.tgz",
				"caseless": "https://registry.npmjs.org/caseless/-/caseless-0.12.0.tgz",
				"combined-stream": "https://registry.npmjs.org/combined-stream/-/combined-stream-1.0.5.tgz",
				"extend": "https://registry.npmjs.org/extend/-/extend-3.0.1.tgz",
				"forever-agent": "https://registry.npmjs.org/forever-agent/-/forever-agent-0.6.1.tgz",
				"form-data": "https://registry.npmjs.org/form-data/-/form-data-2.1.4.tgz",
				"har-validator": "https://registry.npmjs.org/har-validator/-/har-validator-4.2.1.tgz",
				"hawk": "https://registry.npmjs.org/hawk/-/hawk-3.1.3.tgz",
				"http-signature": "https://registry.npmjs.org/http-signature/-/http-signature-1.1.1.tgz",
				"is-typedarray": "https://registry.npmjs.org/is-typedarray/-/is-typedarray-1.0.0.tgz",
				"isstream": "https://registry.npmjs.org/isstream/-/isstream-0.1.2.tgz",
				"json-stringify-safe": "https://registry.npmjs.org/json-stringify-safe/-/json-stringify-safe-5.0.1.tgz",
				"mime-types": "https://registry.npmjs.org/mime-types/-/mime-types-2.1.11.tgz",
				"oauth-sign": "https://registry.npmjs.org/oauth-sign/-/oauth-sign-0.8.2.tgz",
				"performance-now": "https://registry.npmjs.org/performance-now/-/performance-now-0.2.0.tgz",
				"qs": "https://registry.npmjs.org/qs/-/qs-6.4.0.tgz",
				"safe-buffer": "https://registry.npmjs.org/safe-buffer/-/safe-buffer-5.1.0.tgz",
				"stringstream": "https://registry.npmjs.org/stringstream/-/stringstream-0.0.5.tgz",
				"tough-cookie": "https://registry.npmjs.org/tough-cookie/-/tough-cookie-2.3.2.tgz",
				"tunnel-agent": "https://registry.npmjs.org/tunnel-agent/-/tunnel-agent-0.6.0.tgz",
				"uuid": "https://registry.npmjs.org/uuid/-/uuid-3.1.0.tgz"
			},
			"dependencies": {
				"qs": {
					"version": "https://registry.npmjs.org/qs/-/qs-6.4.0.tgz",
					"integrity": "sha1-E+JtKK1rD/qpExLNO/cI7TUecjM="
				}
			}
		},
		"safe-buffer": {
			"version": "https://registry.npmjs.org/safe-buffer/-/safe-buffer-5.1.0.tgz",
			"integrity": "sha1-/kyEYDl/nqqqWOc75GJzQIpF4iM="
		},
		"setprototypeof": {
			"version": "1.0.3",
			"resolved": "https://registry.npmjs.org/setprototypeof/-/setprototypeof-1.0.3.tgz",
			"integrity": "sha1-ZlZ+NwQ+608E2RvWWMDL77VbjgQ="
		},
		"sntp": {
			"version": "https://registry.npmjs.org/sntp/-/sntp-1.0.9.tgz",
			"integrity": "sha1-ZUEYTMkK7qbG57NeJlkIJEPGYZg=",
			"requires": {
				"hoek": "https://registry.npmjs.org/hoek/-/hoek-2.16.3.tgz"
			}
		},
		"solr-client": {
			"version": "0.7.0",
			"resolved": "https://registry.npmjs.org/solr-client/-/solr-client-0.7.0.tgz",
			"integrity": "sha1-uA/Mpsh3aD1XGLdaF3Jk8SIHt7g=",
			"requires": {
				"JSONStream": "1.0.7",
				"bluebird": "3.5.0",
				"duplexer": "0.1.1",
				"httperror": "0.2.3",
				"json-bigint": "0.1.4",
				"request": "https://registry.npmjs.org/request/-/request-2.81.0.tgz"
			}
		},
		"sshpk": {
			"version": "https://registry.npmjs.org/sshpk/-/sshpk-1.13.1.tgz",
			"integrity": "sha1-US322mKHFEMW3EwY/hzx2UBzm+M=",
			"requires": {
				"asn1": "https://registry.npmjs.org/asn1/-/asn1-0.2.3.tgz",
				"assert-plus": "https://registry.npmjs.org/assert-plus/-/assert-plus-1.0.0.tgz",
				"bcrypt-pbkdf": "https://registry.npmjs.org/bcrypt-pbkdf/-/bcrypt-pbkdf-1.0.1.tgz",
				"dashdash": "https://registry.npmjs.org/dashdash/-/dashdash-1.14.1.tgz",
				"ecc-jsbn": "https://registry.npmjs.org/ecc-jsbn/-/ecc-jsbn-0.1.1.tgz",
				"getpass": "https://registry.npmjs.org/getpass/-/getpass-0.1.7.tgz",
				"jsbn": "https://registry.npmjs.org/jsbn/-/jsbn-0.1.1.tgz",
				"tweetnacl": "https://registry.npmjs.org/tweetnacl/-/tweetnacl-0.14.5.tgz"
			},
			"dependencies": {
				"assert-plus": {
					"version": "https://registry.npmjs.org/assert-plus/-/assert-plus-1.0.0.tgz",
					"integrity": "sha1-8S4PPF13sLHN2RRpQuTpbB5N1SU="
				}
			}
		},
		"string": {
			"version": "3.3.3",
			"resolved": "https://registry.npmjs.org/string/-/string-3.3.3.tgz",
			"integrity": "sha1-XqIRzZLSKOGEKUmQpsyXs2anfLA="
		},
		"stringstream": {
			"version": "https://registry.npmjs.org/stringstream/-/stringstream-0.0.5.tgz",
			"integrity": "sha1-TkhM1N5aC7vuGORjB3EKioFiGHg="
		},
		"through": {
			"version": "2.3.8",
			"resolved": "https://registry.npmjs.org/through/-/through-2.3.8.tgz",
			"integrity": "sha1-DdTJ/6q8NXlgsbckEV1+Doai4fU="
		},
		"to-string-tag-x": {
			"version": "1.4.0",
			"resolved": "https://registry.npmjs.org/to-string-tag-x/-/to-string-tag-x-1.4.0.tgz",
			"integrity": "sha512-+hKRhsBP35H2Poucdg/lnHnV3OBwx9Ynz865ZBtdCY5kcgFzOVpGq2zjKHSvOaQDUk/FITmsDHRtCLYBi67vVA==",
			"requires": {
				"lodash.isnull": "3.0.0",
				"validate.io-undefined": "1.0.3"
			}
		},
		"tough-cookie": {
			"version": "https://registry.npmjs.org/tough-cookie/-/tough-cookie-2.3.2.tgz",
			"integrity": "sha1-8IH3bkyFcg5sN6X6ztc3FQ2EByo=",
			"requires": {
				"punycode": "https://registry.npmjs.org/punycode/-/punycode-1.4.1.tgz"
			}
		},
		"tunnel-agent": {
			"version": "https://registry.npmjs.org/tunnel-agent/-/tunnel-agent-0.6.0.tgz",
			"integrity": "sha1-J6XeoGs2sEoKmWZ3SykIaPD8QP0=",
			"requires": {
				"safe-buffer": "https://registry.npmjs.org/safe-buffer/-/safe-buffer-5.1.0.tgz"
			}
		},
		"tweetnacl": {
			"version": "https://registry.npmjs.org/tweetnacl/-/tweetnacl-0.14.5.tgz",
			"integrity": "sha1-WuaBd/GS1EViadEIr6k/+HQ/T2Q=",
			"optional": true
		},
		"typedarray-to-buffer": {
			"version": "3.1.2",
			"resolved": "https://registry.npmjs.org/typedarray-to-buffer/-/typedarray-to-buffer-3.1.2.tgz",
			"integrity": "sha1-EBezLZhP9VbroQD1AViauhrOLgQ=",
			"requires": {
				"is-typedarray": "https://registry.npmjs.org/is-typedarray/-/is-typedarray-1.0.0.tgz"
			}
		},
		"unpipe": {
			"version": "https://registry.npmjs.org/unpipe/-/unpipe-1.0.0.tgz",
			"integrity": "sha1-sr9O6FFKrmFltIF4KdIbLvSZBOw="
		},
		"uuid": {
			"version": "https://registry.npmjs.org/uuid/-/uuid-3.1.0.tgz",
			"integrity": "sha1-PdPT55Crwk17DToDT/q6vijrvAQ="
		},
		"validate.io-undefined": {
			"version": "1.0.3",
			"resolved": "https://registry.npmjs.org/validate.io-undefined/-/validate.io-undefined-1.0.3.tgz",
			"integrity": "sha1-fif8uzFbhB54JDQxiXZxkp4gt/Q="
		},
		"vary": {
			"version": "https://registry.npmjs.org/vary/-/vary-1.0.1.tgz",
			"integrity": "sha1-meSYFWaihhGN+yuBc1ffeZM3bRA="
		},
		"vcap_services": {
			"version": "0.3.4",
			"resolved": "https://registry.npmjs.org/vcap_services/-/vcap_services-0.3.4.tgz",
			"integrity": "sha1-FUv5QEAlEqzKI98iY/xg72aEWto="
		},
		"verror": {
			"version": "https://registry.npmjs.org/verror/-/verror-1.3.6.tgz",
			"integrity": "sha1-z/XfEpRtKX0rqu+qJoniW+AcAFw=",
			"requires": {
				"extsprintf": "https://registry.npmjs.org/extsprintf/-/extsprintf-1.0.2.tgz"
			}
		},
		"watson-developer-cloud": {
			"version": "2.37.0",
			"resolved": "https://registry.npmjs.org/watson-developer-cloud/-/watson-developer-cloud-2.37.0.tgz",
			"integrity": "sha1-RzbwPreCkptZX1JaJyBtrL0E2QM=",
			"requires": {
				"async": "2.5.0",
				"buffer-from": "0.1.1",
				"cookie": "0.3.1",
				"csv-stringify": "1.0.4",
				"extend": "https://registry.npmjs.org/extend/-/extend-3.0.1.tgz",
				"isstream": "https://registry.npmjs.org/isstream/-/isstream-0.1.2.tgz",
				"object.omit": "2.0.1",
				"object.pick": "1.2.0",
				"request": "https://registry.npmjs.org/request/-/request-2.81.0.tgz",
				"solr-client": "0.7.0",
				"string": "3.3.3",
				"vcap_services": "0.3.4",
				"websocket": "1.0.24"
			},
			"dependencies": {
				"cookie": {
					"version": "0.3.1",
					"resolved": "https://registry.npmjs.org/cookie/-/cookie-0.3.1.tgz",
					"integrity": "sha1-5+Ch+e9DtMi6klxcWpboBtFoc7s="
				}
			}
		},
		"websocket": {
			"version": "1.0.24",
			"resolved": "https://registry.npmjs.org/websocket/-/websocket-1.0.24.tgz",
			"integrity": "sha1-dJA+dfJUW2suHeFCW8HJBZF6GJA=",
			"requires": {
				"debug": "https://registry.npmjs.org/debug/-/debug-2.2.0.tgz",
				"nan": "2.6.2",
				"typedarray-to-buffer": "3.1.2",
				"yaeti": "0.0.6"
			},
			"dependencies": {
				"nan": {
					"version": "2.6.2",
					"resolved": "https://registry.npmjs.org/nan/-/nan-2.6.2.tgz",
					"integrity": "sha1-5P805slf37WuzAjeZZb0NgWn20U="
				}
			}
		},
		"wrappy": {
			"version": "1.0.2",
			"resolved": "https://registry.npmjs.org/wrappy/-/wrappy-1.0.2.tgz",
			"integrity": "sha1-tSQ9jz7BqjXxNkYFvA0QNuMKtp8="
		},
		"yaeti": {
			"version": "0.0.6",
			"resolved": "https://registry.npmjs.org/yaeti/-/yaeti-0.0.6.tgz",
			"integrity": "sha1-8m9ITXJoTPQr7ft2lwqhYI+/lXc="
		}
	}
}
